
Microsoft Visual Studio Solution File, Format Version 12.00
# Visual Studio 15
VisualStudioVersion = 15.0.28307.572
MinimumVisualStudioVersion = 10.0.40219.1
Project("{2150E333-8FDC-42A3-9474-1A3956D46DE8}") = "Test", "Test", "{7598E481-72CC-4306-BD9B-00E8FA0784F2}"
EndProject
Project("{2150E333-8FDC-42A3-9474-1A3956D46DE8}") = "Src", "Src", "{4CCB61E9-5569-4BCB-A8A6-2D85F2756D19}"
EndProject
Project("{9A19103F-16F7-4668-BE54-9A1E7A4F7556}") = "Admin.Api", "PartnerUser.Api\Admin.Api.csproj", "{9BC93AAF-5A46-4E42-8A5D-5AD1AE33BE62}"
EndProject
Project("{9A19103F-16F7-4668-BE54-9A1E7A4F7556}") = "Admin.Api.UnitTests", "PartnerUser.Api.UnitTests\Admin.Api.UnitTests.csproj", "{D6D335FF-3C82-49CD-A135-9F02AC333119}"
EndProject
Project("{9A19103F-16F7-4668-BE54-9A1E7A4F7556}") = "Admin.Common", "PartnerUser.Common\Admin.Common.csproj", "{64AE05ED-2DCC-407C-8E85-7F472E1C3A60}"
EndProject
Project("{9A19103F-16F7-4668-BE54-9A1E7A4F7556}") = "Admin.Domain", "PartnerUser.Domain\Admin.Domain.csproj", "{D6ECE5B9-CA01-4A8F-853F-238A17B1C388}"
EndProject
Project("{9A19103F-16F7-4668-BE54-9A1E7A4F7556}") = "Admin.Infrastructure", "PartnerUser.Infrastructure\Admin.Infrastructure.csproj", "{2FDACC61-3B00-4684-B55F-07B13BB975A3}"
EndProject
Project("{9A19103F-16F7-4668-BE54-9A1E7A4F7556}") = "Admin.Repositories", "PartnerUser.Repositories\Admin.Repositories.csproj", "{E5A952FF-156A-4941-9B21-BA783D362481}"
EndProject
Project("{9A19103F-16F7-4668-BE54-9A1E7A4F7556}") = "Admin.Services", "PartnerUser.Services\Admin.Services.csproj", "{C9D70CB7-369B-4760-A739-4A2CAEFDCAB1}"
EndProject
Project("{9A19103F-16F7-4668-BE54-9A1E7A4F7556}") = "Admin.Api.IntegrationTests", "PartnerUser.Api.IntegrationTests\Admin.Api.IntegrationTests.csproj", "{4B30449E-9717-4482-A524-7CDABE2396E7}"
EndProject
Global
	GlobalSection(SolutionConfigurationPlatforms) = preSolution
		Debug|Any CPU = Debug|Any CPU
		Release|Any CPU = Release|Any CPU
	EndGlobalSection
	GlobalSection(ProjectConfigurationPlatforms) = postSolution
		{9BC93AAF-5A46-4E42-8A5D-5AD1AE33BE62}.Debug|Any CPU.ActiveCfg = Debug|Any CPU
		{9BC93AAF-5A46-4E42-8A5D-5AD1AE33BE62}.Debug|Any CPU.Build.0 = Debug|Any CPU
		{9BC93AAF-5A46-4E42-8A5D-5AD1AE33BE62}.Release|Any CPU.ActiveCfg = Release|Any CPU
		{9BC93AAF-5A46-4E42-8A5D-5AD1AE33BE62}.Release|Any CPU.Build.0 = Release|Any CPU
		{D6D335FF-3C82-49CD-A135-9F02AC333119}.Debug|Any CPU.ActiveCfg = Debug|Any CPU
		{D6D335FF-3C82-49CD-A135-9F02AC333119}.Debug|Any CPU.Build.0 = Debug|Any CPU
		{D6D335FF-3C82-49CD-A135-9F02AC333119}.Release|Any CPU.ActiveCfg = Release|Any CPU
		{D6D335FF-3C82-49CD-A135-9F02AC333119}.Release|Any CPU.Build.0 = Release|Any CPU
		{64AE05ED-2DCC-407C-8E85-7F472E1C3A60}.Debug|Any CPU.ActiveCfg = Debug|Any CPU
		{64AE05ED-2DCC-407C-8E85-7F472E1C3A60}.Debug|Any CPU.Build.0 = Debug|Any CPU
		{64AE05ED-2DCC-407C-8E85-7F472E1C3A60}.Release|Any CPU.ActiveCfg = Release|Any CPU
		{64AE05ED-2DCC-407C-8E85-7F472E1C3A60}.Release|Any CPU.Build.0 = Release|Any CPU
		{D6ECE5B9-CA01-4A8F-853F-238A17B1C388}.Debug|Any CPU.ActiveCfg = Debug|Any CPU
		{D6ECE5B9-CA01-4A8F-853F-238A17B1C388}.Debug|Any CPU.Build.0 = Debug|Any CPU
		{D6ECE5B9-CA01-4A8F-853F-238A17B1C388}.Release|Any CPU.ActiveCfg = Release|Any CPU
		{D6ECE5B9-CA01-4A8F-853F-238A17B1C388}.Release|Any CPU.Build.0 = Release|Any CPU
		{2FDACC61-3B00-4684-B55F-07B13BB975A3}.Debug|Any CPU.ActiveCfg = Debug|Any CPU
		{2FDACC61-3B00-4684-B55F-07B13BB975A3}.Debug|Any CPU.Build.0 = Debug|Any CPU
		{2FDACC61-3B00-4684-B55F-07B13BB975A3}.Release|Any CPU.ActiveCfg = Release|Any CPU
		{2FDACC61-3B00-4684-B55F-07B13BB975A3}.Release|Any CPU.Build.0 = Release|Any CPU
		{E5A952FF-156A-4941-9B21-BA783D362481}.Debug|Any CPU.ActiveCfg = Debug|Any CPU
		{E5A952FF-156A-4941-9B21-BA783D362481}.Debug|Any CPU.Build.0 = Debug|Any CPU
		{E5A952FF-156A-4941-9B21-BA783D362481}.Release|Any CPU.ActiveCfg = Release|Any CPU
		{E5A952FF-156A-4941-9B21-BA783D362481}.Release|Any CPU.Build.0 = Release|Any CPU
		{C9D70CB7-369B-4760-A739-4A2CAEFDCAB1}.Debug|Any CPU.ActiveCfg = Debug|Any CPU
		{C9D70CB7-369B-4760-A739-4A2CAEFDCAB1}.Debug|Any CPU.Build.0 = Debug|Any CPU
		{C9D70CB7-369B-4760-A739-4A2CAEFDCAB1}.Release|Any CPU.ActiveCfg = Release|Any CPU
		{C9D70CB7-369B-4760-A739-4A2CAEFDCAB1}.Release|Any CPU.Build.0 = Release|Any CPU
		{4B30449E-9717-4482-A524-7CDABE2396E7}.Debug|Any CPU.ActiveCfg = Debug|Any CPU
		{4B30449E-9717-4482-A524-7CDABE2396E7}.Debug|Any CPU.Build.0 = Debug|Any CPU
		{4B30449E-9717-4482-A524-7CDABE2396E7}.Release|Any CPU.ActiveCfg = Release|Any CPU
		{4B30449E-9717-4482-A524-7CDABE2396E7}.Release|Any CPU.Build.0 = Release|Any CPU
	EndGlobalSection
	GlobalSection(SolutionProperties) = preSolution
		HideSolutionNode = FALSE
	EndGlobalSection
	GlobalSection(NestedProjects) = preSolution
		{9BC93AAF-5A46-4E42-8A5D-5AD1AE33BE62} = {4CCB61E9-5569-4BCB-A8A6-2D85F2756D19}
		{D6D335FF-3C82-49CD-A135-9F02AC333119} = {7598E481-72CC-4306-BD9B-00E8FA0784F2}
		{64AE05ED-2DCC-407C-8E85-7F472E1C3A60} = {4CCB61E9-5569-4BCB-A8A6-2D85F2756D19}
		{D6ECE5B9-CA01-4A8F-853F-238A17B1C388} = {4CCB61E9-5569-4BCB-A8A6-2D85F2756D19}
		{2FDACC61-3B00-4684-B55F-07B13BB975A3} = {4CCB61E9-5569-4BCB-A8A6-2D85F2756D19}
		{E5A952FF-156A-4941-9B21-BA783D362481} = {4CCB61E9-5569-4BCB-A8A6-2D85F2756D19}
		{C9D70CB7-369B-4760-A739-4A2CAEFDCAB1} = {4CCB61E9-5569-4BCB-A8A6-2D85F2756D19}
		{4B30449E-9717-4482-A524-7CDABE2396E7} = {7598E481-72CC-4306-BD9B-00E8FA0784F2}
	EndGlobalSection
	GlobalSection(ExtensibilityGlobals) = postSolution
		SolutionGuid = {29DADD41-EB47-4B82-9E2A-7A920FC7D411}
	EndGlobalSection
EndGlobal
